
Microsoft Visual Studio Solution File, Format Version 12.00
# Visual Studio Version 17
VisualStudioVersion = 17.7.34221.43
MinimumVisualStudioVersion = 10.0.40219.1
Project("{FAE04EC0-301F-11D3-BF4B-00C04F79EFBC}") = "Lab4", "Lab4\Lab4.csproj", "{299AA198-5C3C-4577-AF86-4FEB8925D28A}"
EndProject
Global
	GlobalSection(SolutionConfigurationPlatforms) = preSolution
		Debug|Any CPU = Debug|Any CPU
		Release|Any CPU = Release|Any CPU
	EndGlobalSection
	GlobalSection(ProjectConfigurationPlatforms) = postSolution
		{299AA198-5C3C-4577-AF86-4FEB8925D28A}.Debug|Any CPU.ActiveCfg = Debug|Any CPU
		{299AA198-5C3C-4577-AF86-4FEB8925D28A}.Debug|Any CPU.Build.0 = Debug|Any CPU
		{299AA198-5C3C-4577-AF86-4FEB8925D28A}.Release|Any CPU.ActiveCfg = Release|Any CPU
		{299AA198-5C3C-4577-AF86-4FEB8925D28A}.Release|Any CPU.Build.0 = Release|Any CPU
	EndGlobalSection
	GlobalSection(SolutionProperties) = preSolution
		HideSolutionNode = FALSE
	EndGlobalSection
	GlobalSection(ExtensibilityGlobals) = postSolution
		SolutionGuid = {5E6EA46D-2BAE-401A-A8B0-E95DD44601FF}
	EndGlobalSection
EndGlobal
